
Microsoft Visual Studio Solution File, Format Version 12.00
# Visual Studio Version 16
VisualStudioVersion = 16.0.33027.164
MinimumVisualStudioVersion = 10.0.40219.1
Project("{2150E333-8FDC-42A3-9474-1A3956D46DE8}") = "1 - Services", "1 - Services", "{2531456D-92B9-45A1-9F44-A292AB03A542}"
EndProject
Project("{2150E333-8FDC-42A3-9474-1A3956D46DE8}") = "2 - Application", "2 - Application", "{F43A4900-4510-412E-A7AF-2FE8A55E1152}"
EndProject
Project("{2150E333-8FDC-42A3-9474-1A3956D46DE8}") = "3 - Domain", "3 - Domain", "{D524E349-79B8-4C7C-B24D-6FDA8B73F63C}"
EndProject
Project("{2150E333-8FDC-42A3-9474-1A3956D46DE8}") = "4 - Infrastructure", "4 - Infrastructure", "{012561A9-4739-469C-837B-9974B1EDA605}"
EndProject
Project("{9A19103F-16F7-4668-BE54-9A1E7A4F7556}") = "JQuery.Domain", "JQuery.Domain\JQuery.Domain.csproj", "{4DE0ABEB-B80F-4E54-A16C-3D3E5C34998B}"
EndProject
Project("{9A19103F-16F7-4668-BE54-9A1E7A4F7556}") = "JQuery.Infra.Repository", "JQuery.Infra.Repository\JQuery.Infra.Repository.csproj", "{F703B86F-6080-42FF-924D-7DA3B334025C}"
EndProject
Project("{9A19103F-16F7-4668-BE54-9A1E7A4F7556}") = "JQuery.Application", "JQuery.Application\JQuery.Application.csproj", "{79C042C4-F292-43A7-BF45-AAF4572F0135}"
EndProject
Project("{9A19103F-16F7-4668-BE54-9A1E7A4F7556}") = "JQuery.Presentation", "JQuery.Presentation\JQuery.Presentation.csproj", "{FAB6B5F0-0B64-4924-B83F-594C7B71617F}"
EndProject
Global
	GlobalSection(SolutionConfigurationPlatforms) = preSolution
		Debug|Any CPU = Debug|Any CPU
		Release|Any CPU = Release|Any CPU
	EndGlobalSection
	GlobalSection(ProjectConfigurationPlatforms) = postSolution
		{4DE0ABEB-B80F-4E54-A16C-3D3E5C34998B}.Debug|Any CPU.ActiveCfg = Debug|Any CPU
		{4DE0ABEB-B80F-4E54-A16C-3D3E5C34998B}.Debug|Any CPU.Build.0 = Debug|Any CPU
		{4DE0ABEB-B80F-4E54-A16C-3D3E5C34998B}.Release|Any CPU.ActiveCfg = Release|Any CPU
		{4DE0ABEB-B80F-4E54-A16C-3D3E5C34998B}.Release|Any CPU.Build.0 = Release|Any CPU
		{F703B86F-6080-42FF-924D-7DA3B334025C}.Debug|Any CPU.ActiveCfg = Debug|Any CPU
		{F703B86F-6080-42FF-924D-7DA3B334025C}.Debug|Any CPU.Build.0 = Debug|Any CPU
		{F703B86F-6080-42FF-924D-7DA3B334025C}.Release|Any CPU.ActiveCfg = Release|Any CPU
		{F703B86F-6080-42FF-924D-7DA3B334025C}.Release|Any CPU.Build.0 = Release|Any CPU
		{79C042C4-F292-43A7-BF45-AAF4572F0135}.Debug|Any CPU.ActiveCfg = Debug|Any CPU
		{79C042C4-F292-43A7-BF45-AAF4572F0135}.Debug|Any CPU.Build.0 = Debug|Any CPU
		{79C042C4-F292-43A7-BF45-AAF4572F0135}.Release|Any CPU.ActiveCfg = Release|Any CPU
		{79C042C4-F292-43A7-BF45-AAF4572F0135}.Release|Any CPU.Build.0 = Release|Any CPU
		{FAB6B5F0-0B64-4924-B83F-594C7B71617F}.Debug|Any CPU.ActiveCfg = Debug|Any CPU
		{FAB6B5F0-0B64-4924-B83F-594C7B71617F}.Debug|Any CPU.Build.0 = Debug|Any CPU
		{FAB6B5F0-0B64-4924-B83F-594C7B71617F}.Release|Any CPU.ActiveCfg = Release|Any CPU
		{FAB6B5F0-0B64-4924-B83F-594C7B71617F}.Release|Any CPU.Build.0 = Release|Any CPU
	EndGlobalSection
	GlobalSection(SolutionProperties) = preSolution
		HideSolutionNode = FALSE
	EndGlobalSection
	GlobalSection(NestedProjects) = preSolution
		{4DE0ABEB-B80F-4E54-A16C-3D3E5C34998B} = {D524E349-79B8-4C7C-B24D-6FDA8B73F63C}
		{F703B86F-6080-42FF-924D-7DA3B334025C} = {012561A9-4739-469C-837B-9974B1EDA605}
		{79C042C4-F292-43A7-BF45-AAF4572F0135} = {F43A4900-4510-412E-A7AF-2FE8A55E1152}
		{FAB6B5F0-0B64-4924-B83F-594C7B71617F} = {2531456D-92B9-45A1-9F44-A292AB03A542}
	EndGlobalSection
	GlobalSection(ExtensibilityGlobals) = postSolution
		SolutionGuid = {1E612A78-7A01-491C-BB8D-56B6CCA1E598}
	EndGlobalSection
EndGlobal
